version: 6
environments:
  default:
    channels:
    - url: https://conda.anaconda.org/conda-forge/
    packages:
      osx-arm64:
      - conda: https://conda.anaconda.org/conda-forge/noarch/beautifulsoup4-4.13.4-pyha770c72_0.conda
      - conda: https://conda.anaconda.org/conda-forge/osx-arm64/brotli-1.1.0-h5505292_3.conda
      - conda: https://conda.anaconda.org/conda-forge/osx-arm64/brotli-bin-1.1.0-h5505292_3.conda
      - conda: https://conda.anaconda.org/conda-forge/osx-arm64/brotli-python-1.1.0-py310h853098b_3.conda
      - conda: https://conda.anaconda.org/conda-forge/osx-arm64/bzip2-1.0.8-h99b78c6_7.conda
      - conda: https://conda.anaconda.org/conda-forge/osx-arm64/c-ares-1.34.5-h5505292_0.conda
      - conda: https://conda.anaconda.org/conda-forge/noarch/ca-certificates-2025.8.3-hbd8a1cb_0.conda
      - conda: https://conda.anaconda.org/conda-forge/noarch/certifi-2025.8.3-pyhd8ed1ab_0.conda
      - conda: https://conda.anaconda.org/conda-forge/osx-arm64/cffi-1.17.1-py310h497396d_0.conda
      - conda: https://conda.anaconda.org/conda-forge/noarch/charset-normalizer-3.4.3-pyhd8ed1ab_0.conda
      - conda: https://conda.anaconda.org/conda-forge/noarch/colorama-0.4.6-pyhd8ed1ab_1.conda
      - conda: https://conda.anaconda.org/conda-forge/osx-arm64/contourpy-1.3.2-py310h7f4e7e6_0.conda
      - conda: https://conda.anaconda.org/conda-forge/noarch/cycler-0.12.1-pyhd8ed1ab_1.conda
      - conda: https://conda.anaconda.org/conda-forge/osx-arm64/fonttools-4.59.1-py310h5f69134_0.conda
      - conda: https://conda.anaconda.org/conda-forge/osx-arm64/freetype-2.13.3-hce30654_1.conda
      - conda: https://conda.anaconda.org/conda-forge/noarch/h2-4.2.0-pyhd8ed1ab_0.conda
      - conda: https://conda.anaconda.org/conda-forge/noarch/hpack-4.1.0-pyhd8ed1ab_0.conda
      - conda: https://conda.anaconda.org/conda-forge/noarch/hyperframe-6.1.0-pyhd8ed1ab_0.conda
      - conda: https://conda.anaconda.org/conda-forge/osx-arm64/icu-75.1-hfee45f7_0.conda
      - conda: https://conda.anaconda.org/conda-forge/noarch/idna-3.10-pyhd8ed1ab_1.conda
      - conda: https://conda.anaconda.org/conda-forge/noarch/importlib-metadata-8.7.0-pyhe01879c_1.conda
      - conda: https://conda.anaconda.org/conda-forge/noarch/jax-0.6.2-pyhd8ed1ab_0.conda
      - conda: https://conda.anaconda.org/conda-forge/osx-arm64/jaxlib-0.6.2-cpu_py310h2ee8168_1.conda
      - conda: https://conda.anaconda.org/conda-forge/osx-arm64/kiwisolver-1.4.9-py310h92dc006_0.conda
      - conda: https://conda.anaconda.org/conda-forge/osx-arm64/lcms2-2.17-h7eeda09_0.conda
      - conda: https://conda.anaconda.org/conda-forge/osx-arm64/lerc-4.0.0-hd64df32_1.conda
      - conda: https://conda.anaconda.org/conda-forge/osx-arm64/libabseil-20250127.1-cxx17_h07bc746_0.conda
      - conda: https://conda.anaconda.org/conda-forge/osx-arm64/libblas-3.9.0-34_h10e41b3_openblas.conda
      - conda: https://conda.anaconda.org/conda-forge/osx-arm64/libbrotlicommon-1.1.0-h5505292_3.conda
      - conda: https://conda.anaconda.org/conda-forge/osx-arm64/libbrotlidec-1.1.0-h5505292_3.conda
      - conda: https://conda.anaconda.org/conda-forge/osx-arm64/libbrotlienc-1.1.0-h5505292_3.conda
      - conda: https://conda.anaconda.org/conda-forge/osx-arm64/libcblas-3.9.0-34_hb3479ef_openblas.conda
      - conda: https://conda.anaconda.org/conda-forge/osx-arm64/libcxx-20.1.8-hf598326_1.conda
      - conda: https://conda.anaconda.org/conda-forge/osx-arm64/libdeflate-1.24-h5773f1b_0.conda
      - conda: https://conda.anaconda.org/conda-forge/osx-arm64/libexpat-2.7.1-hec049ff_0.conda
      - conda: https://conda.anaconda.org/conda-forge/osx-arm64/libffi-3.4.6-h1da3d7d_1.conda
      - conda: https://conda.anaconda.org/conda-forge/osx-arm64/libfreetype-2.13.3-hce30654_1.conda
      - conda: https://conda.anaconda.org/conda-forge/osx-arm64/libfreetype6-2.13.3-h1d14073_1.conda
      - conda: https://conda.anaconda.org/conda-forge/osx-arm64/libgfortran-15.1.0-hfdf1602_0.conda
      - conda: https://conda.anaconda.org/conda-forge/osx-arm64/libgfortran5-15.1.0-hb74de2c_0.conda
      - conda: https://conda.anaconda.org/conda-forge/osx-arm64/libgrpc-1.71.0-h857da87_1.conda
      - conda: https://conda.anaconda.org/conda-forge/osx-arm64/libjpeg-turbo-3.1.0-h5505292_0.conda
      - conda: https://conda.anaconda.org/conda-forge/osx-arm64/liblapack-3.9.0-34_hc9a63f6_openblas.conda
      - conda: https://conda.anaconda.org/conda-forge/osx-arm64/liblzma-5.8.1-h39f12f2_2.conda
      - conda: https://conda.anaconda.org/conda-forge/osx-arm64/libopenblas-0.3.30-openmp_h60d53f8_2.conda
      - conda: https://conda.anaconda.org/conda-forge/osx-arm64/libpng-1.6.50-h280e0eb_1.conda
      - conda: https://conda.anaconda.org/conda-forge/osx-arm64/libprotobuf-5.29.3-h6c9c1dd_2.conda
      - conda: https://conda.anaconda.org/conda-forge/osx-arm64/libre2-11-2025.06.26-hd41c47c_0.conda
      - conda: https://conda.anaconda.org/conda-forge/osx-arm64/libsqlite-3.50.4-h4237e3c_0.conda
      - conda: https://conda.anaconda.org/conda-forge/osx-arm64/libtiff-4.7.0-h025e3ab_6.conda
      - conda: https://conda.anaconda.org/conda-forge/osx-arm64/libwebp-base-1.6.0-h07db88b_0.conda
      - conda: https://conda.anaconda.org/conda-forge/osx-arm64/libxcb-1.17.0-hdb1d25a_0.conda
      - conda: https://conda.anaconda.org/conda-forge/osx-arm64/libzlib-1.3.1-h8359307_2.conda
      - conda: https://conda.anaconda.org/conda-forge/osx-arm64/llvm-openmp-20.1.8-hbb9b287_1.conda
      - conda: https://conda.anaconda.org/conda-forge/osx-arm64/llvmlite-0.44.0-py310hed9eb73_1.conda
      - conda: https://conda.anaconda.org/conda-forge/osx-arm64/matplotlib-3.10.5-py310hb6292c7_0.conda
      - conda: https://conda.anaconda.org/conda-forge/osx-arm64/matplotlib-base-3.10.5-py310he861c53_0.conda
      - conda: https://conda.anaconda.org/conda-forge/osx-arm64/ml_dtypes-0.5.1-py310h5936506_0.conda
      - conda: https://conda.anaconda.org/conda-forge/noarch/munkres-1.1.4-pyhd8ed1ab_1.conda
      - conda: https://conda.anaconda.org/conda-forge/osx-arm64/ncurses-6.5-h5e97a16_3.conda
      - conda: https://conda.anaconda.org/conda-forge/osx-arm64/numba-0.61.2-py310hd3faf9e_1.conda
      - conda: https://conda.anaconda.org/conda-forge/osx-arm64/numpy-2.2.6-py310h4d83441_0.conda
      - conda: https://conda.anaconda.org/conda-forge/osx-arm64/openjpeg-2.5.3-h889cd5d_1.conda
      - conda: https://conda.anaconda.org/conda-forge/osx-arm64/openssl-3.5.2-he92f556_0.conda
      - conda: https://conda.anaconda.org/conda-forge/noarch/opt_einsum-3.4.0-pyhd8ed1ab_1.conda
      - conda: https://conda.anaconda.org/conda-forge/noarch/packaging-25.0-pyh29332c3_1.conda
      - conda: https://conda.anaconda.org/conda-forge/osx-arm64/pandas-2.3.2-py310h03dc5a2_0.conda
      - conda: https://conda.anaconda.org/conda-forge/osx-arm64/pillow-11.3.0-py310h61efb56_0.conda
      - conda: https://conda.anaconda.org/conda-forge/osx-arm64/pthread-stubs-0.4-hd74edd7_1002.conda
      - conda: https://conda.anaconda.org/conda-forge/noarch/pycparser-2.22-pyh29332c3_1.conda
      - conda: https://conda.anaconda.org/conda-forge/noarch/pyparsing-3.2.3-pyhe01879c_2.conda
      - conda: https://conda.anaconda.org/conda-forge/noarch/pysocks-1.7.1-pyha55dd90_7.conda
      - conda: https://conda.anaconda.org/conda-forge/osx-arm64/python-3.10.18-h6cefb37_0_cpython.conda
      - conda: https://conda.anaconda.org/conda-forge/noarch/python-dateutil-2.9.0.post0-pyhe01879c_2.conda
      - conda: https://conda.anaconda.org/conda-forge/noarch/python-tzdata-2025.2-pyhd8ed1ab_0.conda
      - conda: https://conda.anaconda.org/conda-forge/noarch/python_abi-3.10-8_cp310.conda
      - conda: https://conda.anaconda.org/conda-forge/noarch/pytz-2025.2-pyhd8ed1ab_0.conda
      - conda: https://conda.anaconda.org/conda-forge/osx-arm64/qhull-2020.2-h420ef59_5.conda
      - conda: https://conda.anaconda.org/conda-forge/osx-arm64/re2-2025.06.26-h6589ca4_0.conda
      - conda: https://conda.anaconda.org/conda-forge/osx-arm64/readline-8.2-h1d1bf99_2.conda
      - conda: https://conda.anaconda.org/conda-forge/noarch/requests-2.32.5-pyhd8ed1ab_0.conda
      - conda: https://conda.anaconda.org/conda-forge/osx-arm64/scipy-1.15.2-py310h32ab4ed_0.conda
      - conda: https://conda.anaconda.org/conda-forge/noarch/six-1.17.0-pyhe01879c_1.conda
      - conda: https://conda.anaconda.org/conda-forge/noarch/soupsieve-2.7-pyhd8ed1ab_0.conda
      - conda: https://conda.anaconda.org/conda-forge/osx-arm64/tk-8.6.13-h892fb3f_2.conda
      - conda: https://conda.anaconda.org/conda-forge/osx-arm64/tornado-6.5.2-py310h7bdd564_0.conda
      - conda: https://conda.anaconda.org/conda-forge/noarch/tqdm-4.67.1-pyhd8ed1ab_1.conda
      - conda: https://conda.anaconda.org/conda-forge/noarch/typing-extensions-4.14.1-h4440ef1_0.conda
      - conda: https://conda.anaconda.org/conda-forge/noarch/typing_extensions-4.14.1-pyhe01879c_0.conda
      - conda: https://conda.anaconda.org/conda-forge/noarch/tzdata-2025b-h78e105d_0.conda
      - conda: https://conda.anaconda.org/conda-forge/osx-arm64/unicodedata2-16.0.0-py310h078409c_0.conda
      - conda: https://conda.anaconda.org/conda-forge/noarch/urllib3-2.5.0-pyhd8ed1ab_0.conda
      - conda: https://conda.anaconda.org/conda-forge/osx-arm64/xorg-libxau-1.0.12-h5505292_0.conda
      - conda: https://conda.anaconda.org/conda-forge/osx-arm64/xorg-libxdmcp-1.1.5-hd74edd7_0.conda
      - conda: https://conda.anaconda.org/conda-forge/noarch/zipp-3.23.0-pyhd8ed1ab_0.conda
      - conda: https://conda.anaconda.org/conda-forge/osx-arm64/zstandard-0.23.0-py310h078409c_2.conda
      - conda: https://conda.anaconda.org/conda-forge/osx-arm64/zstd-1.5.7-h6491c7d_2.conda
packages:
- conda: https://conda.anaconda.org/conda-forge/noarch/beautifulsoup4-4.13.4-pyha770c72_0.conda
  sha256: ddb0df12fd30b2d36272f5daf6b6251c7625d6a99414d7ea930005bbaecad06d
  md5: 9f07c4fc992adb2d6c30da7fab3959a7
  depends:
  - python >=3.9
  - soupsieve >=1.2
  - typing-extensions
  license: MIT
  license_family: MIT
  size: 146613
  timestamp: 1744783307123
- conda: https://conda.anaconda.org/conda-forge/osx-arm64/brotli-1.1.0-h5505292_3.conda
  sha256: 97e2a90342869cc122921fdff0e6be2f5c38268555c08ba5d14e1615e4637e35
  md5: 03c7865dd4dbf87b7b7d363e24c632f1
  depends:
  - __osx >=11.0
  - brotli-bin 1.1.0 h5505292_3
  - libbrotlidec 1.1.0 h5505292_3
  - libbrotlienc 1.1.0 h5505292_3
  license: MIT
  license_family: MIT
  size: 20094
  timestamp: 1749230390021
- conda: https://conda.anaconda.org/conda-forge/osx-arm64/brotli-bin-1.1.0-h5505292_3.conda
  sha256: 5c6a808326c3bbb6f015a57c9eb463d65f259f67154f4f06783d8829ce9239b4
  md5: cc435eb5160035fd8503e9a58036c5b5
  depends:
  - __osx >=11.0
  - libbrotlidec 1.1.0 h5505292_3
  - libbrotlienc 1.1.0 h5505292_3
  license: MIT
  license_family: MIT
  size: 17185
  timestamp: 1749230373519
- conda: https://conda.anaconda.org/conda-forge/osx-arm64/brotli-python-1.1.0-py310h853098b_3.conda
  sha256: 0a14aeeafecf813e5406efd68725405ef89f0cf2cabb52822acd08741c066d3e
  md5: de22f7dbf06b30e27a1f91031d2f5d94
  depends:
  - __osx >=11.0
  - libcxx >=18
  - python >=3.10,<3.11.0a0
  - python >=3.10,<3.11.0a0 *_cpython
  - python_abi 3.10.* *_cp310
  constrains:
  - libbrotlicommon 1.1.0 h5505292_3
  license: MIT
  license_family: MIT
  size: 338668
  timestamp: 1749230528849
- conda: https://conda.anaconda.org/conda-forge/osx-arm64/bzip2-1.0.8-h99b78c6_7.conda
  sha256: adfa71f158cbd872a36394c56c3568e6034aa55c623634b37a4836bd036e6b91
  md5: fc6948412dbbbe9a4c9ddbbcfe0a79ab
  depends:
  - __osx >=11.0
  license: bzip2-1.0.6
  license_family: BSD
  size: 122909
  timestamp: 1720974522888
- conda: https://conda.anaconda.org/conda-forge/osx-arm64/c-ares-1.34.5-h5505292_0.conda
  sha256: b4bb55d0806e41ffef94d0e3f3c97531f322b3cb0ca1f7cdf8e47f62538b7a2b
  md5: f8cd1beb98240c7edb1a95883360ccfa
  depends:
  - __osx >=11.0
  license: MIT
  license_family: MIT
  size: 179696
  timestamp: 1744128058734
- conda: https://conda.anaconda.org/conda-forge/noarch/ca-certificates-2025.8.3-hbd8a1cb_0.conda
  sha256: 837b795a2bb39b75694ba910c13c15fa4998d4bb2a622c214a6a5174b2ae53d1
  md5: 74784ee3d225fc3dca89edb635b4e5cc
  depends:
  - __unix
  license: ISC
  size: 154402
  timestamp: 1754210968730
- conda: https://conda.anaconda.org/conda-forge/noarch/certifi-2025.8.3-pyhd8ed1ab_0.conda
  sha256: a1ad5b0a2a242f439608f22a538d2175cac4444b7b3f4e2b8c090ac337aaea40
  md5: 11f59985f49df4620890f3e746ed7102
  depends:
  - python >=3.9
  license: ISC
  size: 158692
  timestamp: 1754231530168
- conda: https://conda.anaconda.org/conda-forge/osx-arm64/cffi-1.17.1-py310h497396d_0.conda
  sha256: 2cd81f5f8bb45f7625c232905e5f50f4f50a0cef651ec7143c6cf7d8d87bebcb
  md5: 61ed55c277b0bdb5e6e67771f9e5b63e
  depends:
  - __osx >=11.0
  - libffi >=3.4,<4.0a0
  - pycparser
  - python >=3.10,<3.11.0a0
  - python >=3.10,<3.11.0a0 *_cpython
  - python_abi 3.10.* *_cp310
  license: MIT
  license_family: MIT
  size: 229224
  timestamp: 1725560797724
- conda: https://conda.anaconda.org/conda-forge/noarch/charset-normalizer-3.4.3-pyhd8ed1ab_0.conda
  sha256: 838d5a011f0e7422be6427becba3de743c78f3874ad2743c341accbba9bb2624
  md5: 7e7d5ef1b9ed630e4a1c358d6bc62284
  depends:
  - python >=3.9
  license: MIT
  license_family: MIT
  size: 51033
  timestamp: 1754767444665
- conda: https://conda.anaconda.org/conda-forge/noarch/colorama-0.4.6-pyhd8ed1ab_1.conda
  sha256: ab29d57dc70786c1269633ba3dff20288b81664d3ff8d21af995742e2bb03287
  md5: 962b9857ee8e7018c22f2776ffa0b2d7
  depends:
  - python >=3.9
  license: BSD-3-Clause
  license_family: BSD
  size: 27011
  timestamp: 1733218222191
- conda: https://conda.anaconda.org/conda-forge/osx-arm64/contourpy-1.3.2-py310h7f4e7e6_0.conda
  sha256: 758a7a858d8a5dca265e0754c73659690a99226e7e8d530666fece3b38e44558
  md5: 18ad60675af8d74a6e49bf40055419d0
  depends:
  - __osx >=11.0
  - libcxx >=18
  - numpy >=1.23
  - python >=3.10,<3.11.0a0
  - python >=3.10,<3.11.0a0 *_cpython
  - python_abi 3.10.* *_cp310
  license: BSD-3-Clause
  license_family: BSD
  size: 231970
  timestamp: 1744743542215
- conda: https://conda.anaconda.org/conda-forge/noarch/cycler-0.12.1-pyhd8ed1ab_1.conda
  sha256: 9827efa891e507a91a8a2acf64e210d2aff394e1cde432ad08e1f8c66b12293c
  md5: 44600c4667a319d67dbe0681fc0bc833
  depends:
  - python >=3.9
  license: BSD-3-Clause
  license_family: BSD
  size: 13399
  timestamp: 1733332563512
- conda: https://conda.anaconda.org/conda-forge/osx-arm64/fonttools-4.59.1-py310h5f69134_0.conda
  sha256: e6dbd3933a073ab7f04c923d45d830530da1275e3afe20de345988ecdaff8cac
  md5: 383f9d079e589adf155ac30ceea17a75
  depends:
  - __osx >=11.0
  - brotli
  - munkres
  - python >=3.10,<3.11.0a0
  - python >=3.10,<3.11.0a0 *_cpython
  - python_abi 3.10.* *_cp310
  - unicodedata2 >=15.1.0
  license: MIT
  license_family: MIT
  size: 2328380
  timestamp: 1755224551422
- conda: https://conda.anaconda.org/conda-forge/osx-arm64/freetype-2.13.3-hce30654_1.conda
  sha256: 6b63c72ea51a41d41964841404564c0729fdddd3e952e2715839fd759b7cfdfc
  md5: e684de4644067f1956a580097502bf03
  depends:
  - libfreetype 2.13.3 hce30654_1
  - libfreetype6 2.13.3 h1d14073_1
  license: GPL-2.0-only OR FTL
  size: 172220
  timestamp: 1745370149658
- conda: https://conda.anaconda.org/conda-forge/noarch/h2-4.2.0-pyhd8ed1ab_0.conda
  sha256: 0aa1cdc67a9fe75ea95b5644b734a756200d6ec9d0dff66530aec3d1c1e9df75
  md5: b4754fb1bdcb70c8fd54f918301582c6
  depends:
  - hpack >=4.1,<5
  - hyperframe >=6.1,<7
  - python >=3.9
  license: MIT
  license_family: MIT
  size: 53888
  timestamp: 1738578623567
- conda: https://conda.anaconda.org/conda-forge/noarch/hpack-4.1.0-pyhd8ed1ab_0.conda
  sha256: 6ad78a180576c706aabeb5b4c8ceb97c0cb25f1e112d76495bff23e3779948ba
  md5: 0a802cb9888dd14eeefc611f05c40b6e
  depends:
  - python >=3.9
  license: MIT
  license_family: MIT
  size: 30731
  timestamp: 1737618390337
- conda: https://conda.anaconda.org/conda-forge/noarch/hyperframe-6.1.0-pyhd8ed1ab_0.conda
  sha256: 77af6f5fe8b62ca07d09ac60127a30d9069fdc3c68d6b256754d0ffb1f7779f8
  md5: 8e6923fc12f1fe8f8c4e5c9f343256ac
  depends:
  - python >=3.9
  license: MIT
  license_family: MIT
  size: 17397
  timestamp: 1737618427549
- conda: https://conda.anaconda.org/conda-forge/osx-arm64/icu-75.1-hfee45f7_0.conda
  sha256: 9ba12c93406f3df5ab0a43db8a4b4ef67a5871dfd401010fbe29b218b2cbe620
  md5: 5eb22c1d7b3fc4abb50d92d621583137
  depends:
  - __osx >=11.0
  license: MIT
  license_family: MIT
  size: 11857802
  timestamp: 1720853997952
- conda: https://conda.anaconda.org/conda-forge/noarch/idna-3.10-pyhd8ed1ab_1.conda
  sha256: d7a472c9fd479e2e8dcb83fb8d433fce971ea369d704ece380e876f9c3494e87
  md5: 39a4f67be3286c86d696df570b1201b7
  depends:
  - python >=3.9
  license: BSD-3-Clause
  license_family: BSD
  size: 49765
  timestamp: 1733211921194
- conda: https://conda.anaconda.org/conda-forge/noarch/importlib-metadata-8.7.0-pyhe01879c_1.conda
  sha256: c18ab120a0613ada4391b15981d86ff777b5690ca461ea7e9e49531e8f374745
  md5: 63ccfdc3a3ce25b027b8767eb722fca8
  depends:
  - python >=3.9
  - zipp >=3.20
  - python
  license: Apache-2.0
  license_family: APACHE
  size: 34641
  timestamp: 1747934053147
- conda: https://conda.anaconda.org/conda-forge/noarch/jax-0.6.2-pyhd8ed1ab_0.conda
  sha256: cd87eb6872d5429647506daa1c50c0e0459eb04aba39c914dcbbacf9b07895fa
  md5: db9b3178b5b7b19a0917a350802518fe
  depends:
  - importlib-metadata >=4.6
  - jaxlib >=0.6.2,<=0.6.2
  - ml_dtypes >=0.5.0
  - numpy >=1.26
  - opt_einsum
  - python >=3.10
  - scipy >=1.12
  constrains:
  - cudnn >=9.8,<10.0
  license: Apache-2.0
  license_family: APACHE
  size: 1797258
  timestamp: 1753574279311
- conda: https://conda.anaconda.org/conda-forge/osx-arm64/jaxlib-0.6.2-cpu_py310h2ee8168_1.conda
  sha256: 7ac18970ab23c8921d8184f3bb560e007ffe5263e7d399267bdacb7501fcd8d8
  md5: 8b625a3dbb93b0696f0d60a180b51f53
  depends:
  - __osx >=11.0
  - libabseil * cxx17*
  - libabseil >=20250127.1,<20250128.0a0
  - libcxx >=19
  - libgrpc >=1.71.0,<1.72.0a0
  - libzlib >=1.3.1,<2.0a0
  - ml_dtypes >=0.2.0
  - numpy >=1.21,<3
  - openssl >=3.5.1,<4.0a0
  - python >=3.10,<3.11.0a0
  - python >=3.10,<3.11.0a0 *_cpython
  - python_abi 3.10.* *_cp310
  - scipy >=1.9
  constrains:
  - jax >=0.6.2
  license: Apache-2.0
  license_family: APACHE
  size: 52943650
  timestamp: 1753406821244
- conda: https://conda.anaconda.org/conda-forge/osx-arm64/kiwisolver-1.4.9-py310h92dc006_0.conda
  sha256: 7f617fc1b8ac8a70db20cc351e971679ce65775f4aeba66464b7ac932784978f
  md5: e5f48bbc676522c1d99b5f54e3b430ec
  depends:
  - python
  - python 3.10.* *_cpython
  - libcxx >=19
  - __osx >=11.0
  - python_abi 3.10.* *_cp310
  license: BSD-3-Clause
  license_family: BSD
  size: 65928
  timestamp: 1754889439261
- conda: https://conda.anaconda.org/conda-forge/osx-arm64/lcms2-2.17-h7eeda09_0.conda
  sha256: 310a62c2f074ebd5aa43b3cd4b00d46385ce680fa2132ecee255a200e2d2f15f
  md5: 92a61fd30b19ebd5c1621a5bfe6d8b5f
  depends:
  - __osx >=11.0
  - libjpeg-turbo >=3.0.0,<4.0a0
  - libtiff >=4.7.0,<4.8.0a0
  license: MIT
  license_family: MIT
  size: 212125
  timestamp: 1739161108467
- conda: https://conda.anaconda.org/conda-forge/osx-arm64/lerc-4.0.0-hd64df32_1.conda
  sha256: 12361697f8ffc9968907d1a7b5830e34c670e4a59b638117a2cdfed8f63a38f8
  md5: a74332d9b60b62905e3d30709df08bf1
  depends:
  - __osx >=11.0
  - libcxx >=18
  license: Apache-2.0
  license_family: Apache
  size: 188306
  timestamp: 1745264362794
- conda: https://conda.anaconda.org/conda-forge/osx-arm64/libabseil-20250127.1-cxx17_h07bc746_0.conda
  sha256: 9884f855bdfd5cddac209df90bdddae8b3a6d8accfd2d3f52bc9db2f9ebb69c9
  md5: 26aabb99a8c2806d8f617fd135f2fc6f
  depends:
  - __osx >=11.0
  - libcxx >=18
  constrains:
  - abseil-cpp =20250127.1
  - libabseil-static =20250127.1=cxx17*
  license: Apache-2.0
  license_family: Apache
  size: 1192962
  timestamp: 1742369814061
- conda: https://conda.anaconda.org/conda-forge/osx-arm64/libblas-3.9.0-34_h10e41b3_openblas.conda
  build_number: 34
  sha256: 5de3c3bfcdc8ba05da1a7815c9953fe392c2065d9efdc2491f91df6d0d1d9e76
  md5: cdb3e1ca1661dbf19f9aad7dad524996
  depends:
  - libopenblas >=0.3.30,<0.3.31.0a0
  - libopenblas >=0.3.30,<1.0a0
  constrains:
  - blas 2.134   openblas
  - mkl <2025
  - liblapacke 3.9.0   34*_openblas
  - libcblas   3.9.0   34*_openblas
  - liblapack  3.9.0   34*_openblas
  license: BSD-3-Clause
  license_family: BSD
  size: 19533
  timestamp: 1754678956963
- conda: https://conda.anaconda.org/conda-forge/osx-arm64/libbrotlicommon-1.1.0-h5505292_3.conda
  sha256: 0e9c196ad8569ca199ea05103707cde0ae3c7e97d0cdf0417d873148ea9ad640
  md5: fbc4d83775515e433ef22c058768b84d
  depends:
  - __osx >=11.0
  license: MIT
  license_family: MIT
  size: 68972
  timestamp: 1749230317752
- conda: https://conda.anaconda.org/conda-forge/osx-arm64/libbrotlidec-1.1.0-h5505292_3.conda
  sha256: d888c228e7d4f0f2303538f6a9705498c81d56fedaab7811e1186cb6e24d689b
  md5: 01c4b35a1c4b94b60801f189f1ac6ee3
  depends:
  - __osx >=11.0
  - libbrotlicommon 1.1.0 h5505292_3
  license: MIT
  license_family: MIT
  size: 29249
  timestamp: 1749230338861
- conda: https://conda.anaconda.org/conda-forge/osx-arm64/libbrotlienc-1.1.0-h5505292_3.conda
  sha256: 0734a54db818ddfdfbf388fa53c5036a06bbe17de14005f33215d865d51d8a5e
  md5: 1ce5e315293309b5bf6778037375fb08
  depends:
  - __osx >=11.0
  - libbrotlicommon 1.1.0 h5505292_3
  license: MIT
  license_family: MIT
  size: 274404
  timestamp: 1749230355483
- conda: https://conda.anaconda.org/conda-forge/osx-arm64/libcblas-3.9.0-34_hb3479ef_openblas.conda
  build_number: 34
  sha256: 6639f6c6b2e76cb1be62cd6d9033bda7dc3fab2e5a80f5be4b5c522c27dcba17
  md5: e15018d609b8957c146dcb6c356dd50c
  depends:
  - libblas 3.9.0 34_h10e41b3_openblas
  constrains:
  - liblapack  3.9.0   34*_openblas
  - blas 2.134   openblas
  - liblapacke 3.9.0   34*_openblas
  license: BSD-3-Clause
  license_family: BSD
  size: 19521
  timestamp: 1754678970336
- conda: https://conda.anaconda.org/conda-forge/osx-arm64/libcxx-20.1.8-hf598326_1.conda
  sha256: 119b3ac75cb1ea29981e5053c2cb10d5f0b06fcc81b486cb7281f160daf673a1
  md5: a69ef3239d3268ef8602c7a7823fd982
  depends:
  - __osx >=11.0
  license: Apache-2.0 WITH LLVM-exception
  license_family: Apache
  size: 568267
  timestamp: 1752814881595
- conda: https://conda.anaconda.org/conda-forge/osx-arm64/libdeflate-1.24-h5773f1b_0.conda
  sha256: 417d52b19c679e1881cce3f01cad3a2d542098fa2d6df5485aac40f01aede4d1
  md5: 3baf58a5a87e7c2f4d243ce2f8f2fe5c
  depends:
  - __osx >=11.0
  license: MIT
  license_family: MIT
  size: 54790
  timestamp: 1747040549847
- conda: https://conda.anaconda.org/conda-forge/osx-arm64/libexpat-2.7.1-hec049ff_0.conda
  sha256: 8fbb17a56f51e7113ed511c5787e0dec0d4b10ef9df921c4fd1cccca0458f648
  md5: b1ca5f21335782f71a8bd69bdc093f67
  depends:
  - __osx >=11.0
  constrains:
  - expat 2.7.1.*
  license: MIT
  license_family: MIT
  size: 65971
  timestamp: 1752719657566
- conda: https://conda.anaconda.org/conda-forge/osx-arm64/libffi-3.4.6-h1da3d7d_1.conda
  sha256: c6a530924a9b14e193ea9adfe92843de2a806d1b7dbfd341546ece9653129e60
  md5: c215a60c2935b517dcda8cad4705734d
  depends:
  - __osx >=11.0
  license: MIT
  license_family: MIT
  size: 39839
  timestamp: 1743434670405
- conda: https://conda.anaconda.org/conda-forge/osx-arm64/libfreetype-2.13.3-hce30654_1.conda
  sha256: 1f8c16703fe333cdc2639f7cdaf677ac2120843453222944a7c6c85ec342903c
  md5: d06282e08e55b752627a707d58779b8f
  depends:
  - libfreetype6 >=2.13.3
  license: GPL-2.0-only OR FTL
  size: 7813
  timestamp: 1745370144506
- conda: https://conda.anaconda.org/conda-forge/osx-arm64/libfreetype6-2.13.3-h1d14073_1.conda
  sha256: c278df049b1a071841aa0aca140a338d087ea594e07dcf8a871d2cfe0e330e75
  md5: b163d446c55872ef60530231879908b9
  depends:
  - __osx >=11.0
  - libpng >=1.6.47,<1.7.0a0
  - libzlib >=1.3.1,<2.0a0
  constrains:
  - freetype >=2.13.3
  license: GPL-2.0-only OR FTL
  size: 333529
  timestamp: 1745370142848
- conda: https://conda.anaconda.org/conda-forge/osx-arm64/libgfortran-15.1.0-hfdf1602_0.conda
  sha256: 9620b4ac9d32fe7eade02081cd60d6a359a927d42bb8e121bd16489acd3c4d8c
  md5: e3b7dca2c631782ca1317a994dfe19ec
  depends:
  - libgfortran5 15.1.0 hb74de2c_0
  license: GPL-3.0-only WITH GCC-exception-3.1
  license_family: GPL
  size: 133859
  timestamp: 1750183546047
- conda: https://conda.anaconda.org/conda-forge/osx-arm64/libgfortran5-15.1.0-hb74de2c_0.conda
  sha256: 44b8ce4536cc9a0e59c09ff404ef1b0120d6a91afc32799331d85268cbe42438
  md5: 8b158ccccd67a40218e12626a39065a1
  depends:
  - llvm-openmp >=8.0.0
  constrains:
  - libgfortran 15.1.0
  license: GPL-3.0-only WITH GCC-exception-3.1
  license_family: GPL
  size: 758352
  timestamp: 1750182604206
- conda: https://conda.anaconda.org/conda-forge/osx-arm64/libgrpc-1.71.0-h857da87_1.conda
  sha256: 082668830025c2a2842165724b44d4f742688353932a6705cd61aa4ecb9aa173
  md5: 59fe16787c94d3dc92f2dfa533de97c6
  depends:
  - __osx >=11.0
  - c-ares >=1.34.5,<2.0a0
  - libabseil * cxx17*
  - libabseil >=20250127.1,<20250128.0a0
  - libcxx >=18
  - libprotobuf >=5.29.3,<5.29.4.0a0
  - libre2-11 >=2024.7.2
  - libzlib >=1.3.1,<2.0a0
  - openssl >=3.5.0,<4.0a0
  - re2
  constrains:
  - grpc-cpp =1.71.0
  license: Apache-2.0
  license_family: APACHE
  size: 4908484
  timestamp: 1745191611284
- conda: https://conda.anaconda.org/conda-forge/osx-arm64/libjpeg-turbo-3.1.0-h5505292_0.conda
  sha256: 78df2574fa6aa5b6f5fc367c03192f8ddf8e27dc23641468d54e031ff560b9d4
  md5: 01caa4fbcaf0e6b08b3aef1151e91745
  depends:
  - __osx >=11.0
  constrains:
  - jpeg <0.0.0a
  license: IJG AND BSD-3-Clause AND Zlib
  size: 553624
  timestamp: 1745268405713
- conda: https://conda.anaconda.org/conda-forge/osx-arm64/liblapack-3.9.0-34_hc9a63f6_openblas.conda
  build_number: 34
  sha256: 659c7cc2d7104c5fa33482d28a6ce085fd116ff5625a117b7dd45a3521bf8efc
  md5: 94b13d05122e301de02842d021eea5fb
  depends:
  - libblas 3.9.0 34_h10e41b3_openblas
  constrains:
  - libcblas   3.9.0   34*_openblas
  - blas 2.134   openblas
  - liblapacke 3.9.0   34*_openblas
  license: BSD-3-Clause
  license_family: BSD
  size: 19532
  timestamp: 1754678979401
- conda: https://conda.anaconda.org/conda-forge/osx-arm64/liblzma-5.8.1-h39f12f2_2.conda
  sha256: 0cb92a9e026e7bd4842f410a5c5c665c89b2eb97794ffddba519a626b8ce7285
  md5: d6df911d4564d77c4374b02552cb17d1
  depends:
  - __osx >=11.0
  constrains:
  - xz 5.8.1.*
  license: 0BSD
  size: 92286
  timestamp: 1749230283517
- conda: https://conda.anaconda.org/conda-forge/osx-arm64/libopenblas-0.3.30-openmp_h60d53f8_2.conda
  sha256: 7b8551a4d21cf0b19f9a162f1f283a201b17f1bd5a6579abbd0d004788c511fa
  md5: d004259fd8d3d2798b16299d6ad6c9e9
  depends:
  - __osx >=11.0
  - libgfortran
  - libgfortran5 >=14.3.0
  - llvm-openmp >=19.1.7
  constrains:
  - openblas >=0.3.30,<0.3.31.0a0
  license: BSD-3-Clause
  license_family: BSD
  size: 4284696
  timestamp: 1755471861128
- conda: https://conda.anaconda.org/conda-forge/osx-arm64/libpng-1.6.50-h280e0eb_1.conda
  sha256: a2e0240fb0c79668047b528976872307ea80cb330baf8bf6624ac2c6443449df
  md5: 4d0f5ce02033286551a32208a5519884
  depends:
  - __osx >=11.0
  - libzlib >=1.3.1,<2.0a0
  license: zlib-acknowledgement
  size: 287056
  timestamp: 1753879907258
- conda: https://conda.anaconda.org/conda-forge/osx-arm64/libprotobuf-5.29.3-h6c9c1dd_2.conda
  sha256: 8c6350afed4c78fc5fbab85b8f00af084586176fd5f6e4340f66d2e239d028dc
  md5: cb31a05af57f76e19766ef8b30b3b6d3
  depends:
  - __osx >=11.0
  - libabseil * cxx17*
  - libabseil >=20250127.1,<20250128.0a0
  - libcxx >=19
  - libzlib >=1.3.1,<2.0a0
  license: BSD-3-Clause
  license_family: BSD
  size: 2637991
  timestamp: 1753800039682
- conda: https://conda.anaconda.org/conda-forge/osx-arm64/libre2-11-2025.06.26-hd41c47c_0.conda
  sha256: d125de07bcdeadddd415d2f855f7fe383b066a373fa88244e51c58fef5cb8774
  md5: ce95f5724e52eb76f4cd4be6e7a0d9ae
  depends:
  - __osx >=11.0
  - libabseil * cxx17*
  - libabseil >=20250127.1,<20250128.0a0
  - libcxx >=18
  constrains:
  - re2 2025.06.26.*
  license: BSD-3-Clause
  license_family: BSD
  size: 167704
  timestamp: 1751053331260
- conda: https://conda.anaconda.org/conda-forge/osx-arm64/libsqlite-3.50.4-h4237e3c_0.conda
  sha256: 802ebe62e6bc59fc26b26276b793e0542cfff2d03c086440aeaf72fb8bbcec44
  md5: 1dcb0468f5146e38fae99aef9656034b
  depends:
  - __osx >=11.0
  - icu >=75.1,<76.0a0
  - libzlib >=1.3.1,<2.0a0
  license: blessing
  size: 902645
  timestamp: 1753948599139
- conda: https://conda.anaconda.org/conda-forge/osx-arm64/libtiff-4.7.0-h025e3ab_6.conda
  sha256: d6ed4b307dde5d66b73aa3f155b3ed40ba9394947cfe148e2cd07605ef4b410b
  md5: d0862034c2c563ef1f52a3237c133d8d
  depends:
  - __osx >=11.0
  - lerc >=4.0.0,<5.0a0
  - libcxx >=19
  - libdeflate >=1.24,<1.25.0a0
  - libjpeg-turbo >=3.1.0,<4.0a0
  - liblzma >=5.8.1,<6.0a0
  - libwebp-base >=1.6.0,<2.0a0
  - libzlib >=1.3.1,<2.0a0
  - zstd >=1.5.7,<1.6.0a0
  license: HPND
  size: 372136
  timestamp: 1755012109767
- conda: https://conda.anaconda.org/conda-forge/osx-arm64/libwebp-base-1.6.0-h07db88b_0.conda
  sha256: a4de3f371bb7ada325e1f27a4ef7bcc81b2b6a330e46fac9c2f78ac0755ea3dd
  md5: e5e7d467f80da752be17796b87fe6385
  depends:
  - __osx >=11.0
  constrains:
  - libwebp 1.6.0
  license: BSD-3-Clause
  license_family: BSD
  size: 294974
  timestamp: 1752159906788
- conda: https://conda.anaconda.org/conda-forge/osx-arm64/libxcb-1.17.0-hdb1d25a_0.conda
  sha256: bd3816218924b1e43b275863e21a3e13a5db4a6da74cca8e60bc3c213eb62f71
  md5: af523aae2eca6dfa1c8eec693f5b9a79
  depends:
  - __osx >=11.0
  - pthread-stubs
  - xorg-libxau >=1.0.11,<2.0a0
  - xorg-libxdmcp
  license: MIT
  license_family: MIT
  size: 323658
  timestamp: 1727278733917
- conda: https://conda.anaconda.org/conda-forge/osx-arm64/libzlib-1.3.1-h8359307_2.conda
  sha256: ce34669eadaba351cd54910743e6a2261b67009624dbc7daeeafdef93616711b
  md5: 369964e85dc26bfe78f41399b366c435
  depends:
  - __osx >=11.0
  constrains:
  - zlib 1.3.1 *_2
  license: Zlib
  license_family: Other
  size: 46438
  timestamp: 1727963202283
- conda: https://conda.anaconda.org/conda-forge/osx-arm64/llvm-openmp-20.1.8-hbb9b287_1.conda
  sha256: e56f46b253dd1a99cc01dde038daba7789fc6ed35b2a93e3fc44b8578a82b3ec
  md5: a10bdc3e5d9e4c1ce554c83855dff6c4
  depends:
  - __osx >=11.0
  constrains:
  - openmp 20.1.8|20.1.8.*
  - intel-openmp <0.0a0
  license: Apache-2.0 WITH LLVM-exception
  license_family: APACHE
  size: 283300
  timestamp: 1753978829840
- conda: https://conda.anaconda.org/conda-forge/osx-arm64/llvmlite-0.44.0-py310hed9eb73_1.conda
  sha256: c36e73663ba57b03d6808fddea29c8786d3bf00832439d433f498f8af1860501
  md5: b0c5d2ee9ca37e5c14c4c1f9f54a97af
  depends:
  - __osx >=11.0
  - libcxx >=18
  - libzlib >=1.3.1,<2.0a0
  - python >=3.10,<3.11.0a0
  - python >=3.10,<3.11.0a0 *_cpython
  - python_abi 3.10.* *_cp310
  license: BSD-2-Clause
  license_family: BSD
  size: 18830971
  timestamp: 1742816251145
- conda: https://conda.anaconda.org/conda-forge/osx-arm64/matplotlib-3.10.5-py310hb6292c7_0.conda
  sha256: 3a84b2a7890169a8efceba4df3b61da73ee7d80d1fcd68ef923854184fa88b1d
  md5: e5c57382f31b9532cb9bb31484595641
  depends:
  - matplotlib-base >=3.10.5,<3.10.6.0a0
  - python >=3.10,<3.11.0a0
  - python_abi 3.10.* *_cp310
  - tornado >=5
  license: PSF-2.0
  license_family: PSF
  size: 17417
  timestamp: 1754005897200
- conda: https://conda.anaconda.org/conda-forge/osx-arm64/matplotlib-base-3.10.5-py310he861c53_0.conda
  sha256: de4d95be413ade112bfc91cb8aeabbf6e27bbafb7c3977a5e460bdd816b9451c
  md5: 1659b5dcf318290e1b93e2bd0b8e5cce
  depends:
  - __osx >=11.0
  - contourpy >=1.0.1
  - cycler >=0.10
  - fonttools >=4.22.0
  - freetype
  - kiwisolver >=1.3.1
  - libcxx >=19
  - libfreetype >=2.13.3
  - libfreetype6 >=2.13.3
  - numpy >=1.21,<3
  - numpy >=1.23
  - packaging >=20.0
  - pillow >=8
  - pyparsing >=2.3.1
  - python >=3.10,<3.11.0a0
  - python >=3.10,<3.11.0a0 *_cpython
  - python-dateutil >=2.7
  - python_abi 3.10.* *_cp310
  - qhull >=2020.2,<2020.3.0a0
  license: PSF-2.0
  license_family: PSF
  size: 7204348
  timestamp: 1754005869367
- conda: https://conda.anaconda.org/conda-forge/osx-arm64/ml_dtypes-0.5.1-py310h5936506_0.conda
  sha256: a75c01da122fc1043e32adba9094922afc5f758ddaea47f5e56e0c111123294b
  md5: 23c80623fc06fa0fa60237b14674cc69
  depends:
  - __osx >=11.0
  - libcxx >=18
  - numpy >=1.19,<3
  - python >=3.10,<3.11.0a0
  - python >=3.10,<3.11.0a0 *_cpython
  - python_abi 3.10.* *_cp310
  license: MPL-2.0 AND Apache-2.0
  size: 202079
  timestamp: 1736539243508
- conda: https://conda.anaconda.org/conda-forge/noarch/munkres-1.1.4-pyhd8ed1ab_1.conda
  sha256: d09c47c2cf456de5c09fa66d2c3c5035aa1fa228a1983a433c47b876aa16ce90
  md5: 37293a85a0f4f77bbd9cf7aaefc62609
  depends:
  - python >=3.9
  license: Apache-2.0
  license_family: Apache
  size: 15851
  timestamp: 1749895533014
- conda: https://conda.anaconda.org/conda-forge/osx-arm64/ncurses-6.5-h5e97a16_3.conda
  sha256: 2827ada40e8d9ca69a153a45f7fd14f32b2ead7045d3bbb5d10964898fe65733
  md5: 068d497125e4bf8a66bf707254fff5ae
  depends:
  - __osx >=11.0
  license: X11 AND BSD-3-Clause
  size: 797030
  timestamp: 1738196177597
- conda: https://conda.anaconda.org/conda-forge/osx-arm64/numba-0.61.2-py310hd3faf9e_1.conda
  sha256: 325861c6b73eb15055181a6dcacbc2d119b3ea6d5b270c2736d6a8d10b9daa5d
  md5: 25eef44932bf432d6d9bd7c36bd34d7d
  depends:
  - __osx >=11.0
  - libcxx >=18
  - llvm-openmp >=18.1.8
  - llvm-openmp >=20.1.6
  - llvmlite >=0.44.0,<0.45.0a0
  - numpy >=1.21,<3
  - numpy >=1.24,<2.3
  - python >=3.10,<3.11.0a0
  - python >=3.10,<3.11.0a0 *_cpython
  - python_abi 3.10.* *_cp310
  constrains:
  - cuda-version >=11.2
  - scipy >=1.0
  - libopenblas >=0.3.18,!=0.3.20
  - tbb >=2021.6.0
  - cuda-python >=11.6
  - cudatoolkit >=11.2
  license: BSD-2-Clause
  license_family: BSD
  size: 4466638
  timestamp: 1749491696619
- conda: https://conda.anaconda.org/conda-forge/osx-arm64/numpy-2.2.6-py310h4d83441_0.conda
  sha256: 87704bcd5f4a4f88eaf2a97f07e9825803b58a8003a209b91e89669317523faf
  md5: f4bd8ac423d04b3c444b96f2463d3519
  depends:
  - __osx >=11.0
  - libblas >=3.9.0,<4.0a0
  - libcblas >=3.9.0,<4.0a0
  - libcxx >=18
  - liblapack >=3.9.0,<4.0a0
  - python >=3.10,<3.11.0a0
  - python >=3.10,<3.11.0a0 *_cpython
  - python_abi 3.10.* *_cp310
  constrains:
  - numpy-base <0a0
  license: BSD-3-Clause
  license_family: BSD
  size: 5841650
  timestamp: 1747545043441
- conda: https://conda.anaconda.org/conda-forge/osx-arm64/openjpeg-2.5.3-h889cd5d_1.conda
  sha256: 6013916893fcd9bc97c479279cfe4616de7735ec566bad0ee41bc729e14d31b2
  md5: ab581998c77c512d455a13befcddaac3
  depends:
  - __osx >=11.0
  - libcxx >=19
  - libpng >=1.6.50,<1.7.0a0
  - libtiff >=4.7.0,<4.8.0a0
  - libzlib >=1.3.1,<2.0a0
  license: BSD-2-Clause
  license_family: BSD
  size: 320198
  timestamp: 1754297986425
- conda: https://conda.anaconda.org/conda-forge/osx-arm64/openssl-3.5.2-he92f556_0.conda
  sha256: f6d1c87dbcf7b39fad24347570166dade1c533ae2d53c60a70fa4dc874ef0056
  md5: bcb0d87dfbc199d0a461d2c7ca30b3d8
  depends:
  - __osx >=11.0
  - ca-certificates
  license: Apache-2.0
  license_family: Apache
  size: 3074848
  timestamp: 1754465710470
- conda: https://conda.anaconda.org/conda-forge/noarch/opt_einsum-3.4.0-pyhd8ed1ab_1.conda
  sha256: af71aabb2bfa4b2c89b7b06403e5cec23b418452cae9f9772bd7ac3f9ea1ff44
  md5: 52919815cd35c4e1a0298af658ccda04
  depends:
  - python >=3.9
  license: MIT
  license_family: MIT
  size: 62479
  timestamp: 1733688053334
- conda: https://conda.anaconda.org/conda-forge/noarch/packaging-25.0-pyh29332c3_1.conda
  sha256: 289861ed0c13a15d7bbb408796af4de72c2fe67e2bcb0de98f4c3fce259d7991
  md5: 58335b26c38bf4a20f399384c33cbcf9
  depends:
  - python >=3.8
  - python
  license: Apache-2.0
  license_family: APACHE
  size: 62477
  timestamp: 1745345660407
- conda: https://conda.anaconda.org/conda-forge/osx-arm64/pandas-2.3.2-py310h03dc5a2_0.conda
  sha256: aa22561c6d9874613c6623dde295a66b898c97b631aa3e2b2e63c0a4ba1f0621
  md5: b6d436067abdde6c6863f2e2af5199fd
  depends:
  - __osx >=11.0
  - libcxx >=19
  - numpy >=1.21,<3
  - numpy >=1.22.4
  - python >=3.10,<3.11.0a0
  - python >=3.10,<3.11.0a0 *_cpython
  - python-dateutil >=2.8.2
  - python-tzdata >=2022.7
  - python_abi 3.10.* *_cp310
  - pytz >=2020.1
  constrains:
  - xlrd >=2.0.1
  - pyreadstat >=1.2.0
  - pandas-gbq >=0.19.0
  - openpyxl >=3.1.0
  - s3fs >=2022.11.0
  - xlsxwriter >=3.0.5
  - bottleneck >=1.3.6
  - pyqt5 >=5.15.9
  - psycopg2 >=2.9.6
  - python-calamine >=0.1.7
  - xarray >=2022.12.0
  - scipy >=1.10.0
  - beautifulsoup4 >=4.11.2
  - pytables >=3.8.0
  - zstandard >=0.19.0
  - pyarrow >=10.0.1
  - numba >=0.56.4
  - odfpy >=1.4.1
  - sqlalchemy >=2.0.0
  - html5lib >=1.1
  - qtpy >=2.3.0
  - blosc >=1.21.3
  - tzdata >=2022.7
  - matplotlib >=3.6.3
  - fastparquet >=2022.12.0
  - tabulate >=0.9.0
  - gcsfs >=2022.11.0
  - pyxlsb >=1.0.10
  - numexpr >=2.8.4
  - fsspec >=2022.11.0
  - lxml >=4.9.2
  license: BSD-3-Clause
  license_family: BSD
  size: 11595830
  timestamp: 1755779541814
- conda: https://conda.anaconda.org/conda-forge/osx-arm64/pillow-11.3.0-py310h61efb56_0.conda
  sha256: 653d9890439712afb8d5b3f969bf31c57162bd82c1a4f385380c52bf59b77558
  md5: 5e01f346912bb2f7c55a5c291846067e
  depends:
  - __osx >=11.0
  - lcms2 >=2.17,<3.0a0
  - libfreetype >=2.13.3
  - libfreetype6 >=2.13.3
  - libjpeg-turbo >=3.1.0,<4.0a0
  - libtiff >=4.7.0,<4.8.0a0
  - libwebp-base >=1.5.0,<2.0a0
  - libxcb >=1.17.0,<2.0a0
  - libzlib >=1.3.1,<2.0a0
  - openjpeg >=2.5.3,<3.0a0
  - python >=3.10,<3.11.0a0
  - python >=3.10,<3.11.0a0 *_cpython
  - python_abi 3.10.* *_cp310
  - tk >=8.6.13,<8.7.0a0
  license: HPND
  size: 42576669
  timestamp: 1751482283646
- conda: https://conda.anaconda.org/conda-forge/osx-arm64/pthread-stubs-0.4-hd74edd7_1002.conda
  sha256: 8ed65e17fbb0ca944bfb8093b60086e3f9dd678c3448b5de212017394c247ee3
  md5: 415816daf82e0b23a736a069a75e9da7
  depends:
  - __osx >=11.0
  license: MIT
  license_family: MIT
  size: 8381
  timestamp: 1726802424786
- conda: https://conda.anaconda.org/conda-forge/noarch/pycparser-2.22-pyh29332c3_1.conda
  sha256: 79db7928d13fab2d892592223d7570f5061c192f27b9febd1a418427b719acc6
  md5: 12c566707c80111f9799308d9e265aef
  depends:
  - python >=3.9
  - python
  license: BSD-3-Clause
  license_family: BSD
  size: 110100
  timestamp: 1733195786147
- conda: https://conda.anaconda.org/conda-forge/noarch/pyparsing-3.2.3-pyhe01879c_2.conda
  sha256: afe32182b1090911b64ac0f29eb47e03a015d142833d8a917defd65d91c99b74
  md5: aa0028616c0750c773698fdc254b2b8d
  depends:
  - python >=3.9
  - python
  license: MIT
  license_family: MIT
  size: 102292
  timestamp: 1753873557076
- conda: https://conda.anaconda.org/conda-forge/noarch/pysocks-1.7.1-pyha55dd90_7.conda
  sha256: ba3b032fa52709ce0d9fd388f63d330a026754587a2f461117cac9ab73d8d0d8
  md5: 461219d1a5bd61342293efa2c0c90eac
  depends:
  - __unix
  - python >=3.9
  license: BSD-3-Clause
  license_family: BSD
  size: 21085
  timestamp: 1733217331982
- conda: https://conda.anaconda.org/conda-forge/osx-arm64/python-3.10.18-h6cefb37_0_cpython.conda
  sha256: a9b9a74a98348019b28be674cc64c23d28297f3d0d9ebe079e81521b5ab5d853
  md5: 2732121b53b3651565a84137c795605d
  depends:
  - __osx >=11.0
  - bzip2 >=1.0.8,<2.0a0
  - libexpat >=2.7.0,<3.0a0
  - libffi >=3.4,<4.0a0
  - liblzma >=5.8.1,<6.0a0
  - libsqlite >=3.50.0,<4.0a0
  - libzlib >=1.3.1,<2.0a0
  - ncurses >=6.5,<7.0a0
  - openssl >=3.5.0,<4.0a0
  - readline >=8.2,<9.0a0
  - tk >=8.6.13,<8.7.0a0
  - tzdata
  constrains:
  - python_abi 3.10.* *_cp310
  license: Python-2.0
  size: 12385306
  timestamp: 1749048585934
- conda: https://conda.anaconda.org/conda-forge/noarch/python-dateutil-2.9.0.post0-pyhe01879c_2.conda
  sha256: d6a17ece93bbd5139e02d2bd7dbfa80bee1a4261dced63f65f679121686bf664
  md5: 5b8d21249ff20967101ffa321cab24e8
  depends:
  - python >=3.9
  - six >=1.5
  - python
  license: Apache-2.0
  license_family: APACHE
  size: 233310
  timestamp: 1751104122689
- conda: https://conda.anaconda.org/conda-forge/noarch/python-tzdata-2025.2-pyhd8ed1ab_0.conda
  sha256: e8392a8044d56ad017c08fec2b0eb10ae3d1235ac967d0aab8bd7b41c4a5eaf0
  md5: 88476ae6ebd24f39261e0854ac244f33
  depends:
  - python >=3.9
  license: Apache-2.0
  license_family: APACHE
  size: 144160
  timestamp: 1742745254292
- conda: https://conda.anaconda.org/conda-forge/noarch/python_abi-3.10-8_cp310.conda
  build_number: 8
  sha256: 7ad76fa396e4bde336872350124c0819032a9e8a0a40590744ff9527b54351c1
  md5: 05e00f3b21e88bb3d658ac700b2ce58c
  constrains:
  - python 3.10.* *_cpython
  license: BSD-3-Clause
  license_family: BSD
  size: 6999
  timestamp: 1752805924192
- conda: https://conda.anaconda.org/conda-forge/noarch/pytz-2025.2-pyhd8ed1ab_0.conda
  sha256: 8d2a8bf110cc1fc3df6904091dead158ba3e614d8402a83e51ed3a8aa93cdeb0
  md5: bc8e3267d44011051f2eb14d22fb0960
  depends:
  - python >=3.9
  license: MIT
  license_family: MIT
  size: 189015
  timestamp: 1742920947249
- conda: https://conda.anaconda.org/conda-forge/osx-arm64/qhull-2020.2-h420ef59_5.conda
  sha256: 873ac689484262a51fd79bc6103c1a1bedbf524924d7f0088fb80703042805e4
  md5: 6483b1f59526e05d7d894e466b5b6924
  depends:
  - __osx >=11.0
  - libcxx >=16
  license: LicenseRef-Qhull
  size: 516376
  timestamp: 1720814307311
- conda: https://conda.anaconda.org/conda-forge/osx-arm64/re2-2025.06.26-h6589ca4_0.conda
  sha256: d7c4f0144530c829bc9c39d1e17f31242a15f4e91c9d7d0f8dda58ab245988bb
  md5: d519f1f98599719494472639406faffb
  depends:
  - libre2-11 2025.06.26 hd41c47c_0
  license: BSD-3-Clause
  license_family: BSD
  size: 27423
  timestamp: 1751053372858
- conda: https://conda.anaconda.org/conda-forge/osx-arm64/readline-8.2-h1d1bf99_2.conda
  sha256: 7db04684d3904f6151eff8673270922d31da1eea7fa73254d01c437f49702e34
  md5: 63ef3f6e6d6d5c589e64f11263dc5676
  depends:
  - ncurses >=6.5,<7.0a0
  license: GPL-3.0-only
  license_family: GPL
  size: 252359
  timestamp: 1740379663071
- conda: https://conda.anaconda.org/conda-forge/noarch/requests-2.32.5-pyhd8ed1ab_0.conda
  sha256: 8dc54e94721e9ab545d7234aa5192b74102263d3e704e6d0c8aa7008f2da2a7b
  md5: db0c6b99149880c8ba515cf4abe93ee4
  depends:
  - certifi >=2017.4.17
  - charset-normalizer >=2,<4
  - idna >=2.5,<4
  - python >=3.9
  - urllib3 >=1.21.1,<3
  constrains:
  - chardet >=3.0.2,<6
  license: Apache-2.0
  license_family: APACHE
  size: 59263
  timestamp: 1755614348400
- conda: https://conda.anaconda.org/conda-forge/osx-arm64/scipy-1.15.2-py310h32ab4ed_0.conda
  sha256: f6ff2c1ba4775300199e8bc0331d2e2ccb5906f58f3835c5426ddc591c9ad7bf
  md5: a389f540c808b22b3c696d7aea791a41
  depends:
  - __osx >=11.0
  - libblas >=3.9.0,<4.0a0
  - libcblas >=3.9.0,<4.0a0
  - libcxx >=18
  - libgfortran >=5
  - libgfortran5 >=13.2.0
  - liblapack >=3.9.0,<4.0a0
  - numpy <2.5
  - numpy >=1.19,<3
  - numpy >=1.23.5
  - python >=3.10,<3.11.0a0
  - python >=3.10,<3.11.0a0 *_cpython
  - python_abi 3.10.* *_cp310
  license: BSD-3-Clause
  license_family: BSD
  size: 13507343
  timestamp: 1739792089317
- conda: https://conda.anaconda.org/conda-forge/noarch/six-1.17.0-pyhe01879c_1.conda
  sha256: 458227f759d5e3fcec5d9b7acce54e10c9e1f4f4b7ec978f3bfd54ce4ee9853d
  md5: 3339e3b65d58accf4ca4fb8748ab16b3
  depends:
  - python >=3.9
  - python
  license: MIT
  license_family: MIT
  size: 18455
  timestamp: 1753199211006
- conda: https://conda.anaconda.org/conda-forge/noarch/soupsieve-2.7-pyhd8ed1ab_0.conda
  sha256: 7518506cce9a736042132f307b3f4abce63bf076f5fb07c1f4e506c0b214295a
  md5: fb32097c717486aa34b38a9db57eb49e
  depends:
  - python >=3.9
  license: MIT
  license_family: MIT
  size: 37773
  timestamp: 1746563720271
- conda: https://conda.anaconda.org/conda-forge/osx-arm64/tk-8.6.13-h892fb3f_2.conda
  sha256: cb86c522576fa95c6db4c878849af0bccfd3264daf0cc40dd18e7f4a7bfced0e
  md5: 7362396c170252e7b7b0c8fb37fe9c78
  depends:
  - __osx >=11.0
  - libzlib >=1.3.1,<2.0a0
  license: TCL
  license_family: BSD
  size: 3125538
  timestamp: 1748388189063
- conda: https://conda.anaconda.org/conda-forge/osx-arm64/tornado-6.5.2-py310h7bdd564_0.conda
  sha256: b8ab0b1cebb811537f895620c65c2711b9d4cf98303cd05a44fbedf2cef531da
  md5: 8294b3abf129b80c8905722cee993dce
  depends:
  - __osx >=11.0
  - python >=3.10,<3.11.0a0
  - python >=3.10,<3.11.0a0 *_cpython
  - python_abi 3.10.* *_cp310
  license: Apache-2.0
  license_family: Apache
  size: 662347
  timestamp: 1754732250281
- conda: https://conda.anaconda.org/conda-forge/noarch/tqdm-4.67.1-pyhd8ed1ab_1.conda
  sha256: 11e2c85468ae9902d24a27137b6b39b4a78099806e551d390e394a8c34b48e40
  md5: 9efbfdc37242619130ea42b1cc4ed861
  depends:
  - colorama
  - python >=3.9
  license: MPL-2.0 or MIT
  size: 89498
  timestamp: 1735661472632
- conda: https://conda.anaconda.org/conda-forge/noarch/typing-extensions-4.14.1-h4440ef1_0.conda
  sha256: 349951278fa8d0860ec6b61fcdc1e6f604e6fce74fabf73af2e39a37979d0223
  md5: 75be1a943e0a7f99fcf118309092c635
  depends:
  - typing_extensions ==4.14.1 pyhe01879c_0
  license: PSF-2.0
  license_family: PSF
  size: 90486
  timestamp: 1751643513473
- conda: https://conda.anaconda.org/conda-forge/noarch/typing_extensions-4.14.1-pyhe01879c_0.conda
  sha256: 4f52390e331ea8b9019b87effaebc4f80c6466d09f68453f52d5cdc2a3e1194f
  md5: e523f4f1e980ed7a4240d7e27e9ec81f
  depends:
  - python >=3.9
  - python
  license: PSF-2.0
  license_family: PSF
  size: 51065
  timestamp: 1751643513473
- conda: https://conda.anaconda.org/conda-forge/noarch/tzdata-2025b-h78e105d_0.conda
  sha256: 5aaa366385d716557e365f0a4e9c3fca43ba196872abbbe3d56bb610d131e192
  md5: 4222072737ccff51314b5ece9c7d6f5a
  license: LicenseRef-Public-Domain
  size: 122968
  timestamp: 1742727099393
- conda: https://conda.anaconda.org/conda-forge/osx-arm64/unicodedata2-16.0.0-py310h078409c_0.conda
  sha256: 2f8b6e38642bb2c14d181c77e1eea31911f5875514ffbd60bd06a072e7c1d5d4
  md5: 545712dd5ca10040d9f38035776c2486
  depends:
  - __osx >=11.0
  - python >=3.10,<3.11.0a0
  - python >=3.10,<3.11.0a0 *_cpython
  - python_abi 3.10.* *_cp310
  license: Apache-2.0
  license_family: Apache
  size: 409676
  timestamp: 1736692776397
- conda: https://conda.anaconda.org/conda-forge/noarch/urllib3-2.5.0-pyhd8ed1ab_0.conda
  sha256: 4fb9789154bd666ca74e428d973df81087a697dbb987775bc3198d2215f240f8
  md5: 436c165519e140cb08d246a4472a9d6a
  depends:
  - brotli-python >=1.0.9
  - h2 >=4,<5
  - pysocks >=1.5.6,<2.0,!=1.5.7
  - python >=3.9
  - zstandard >=0.18.0
  license: MIT
  license_family: MIT
  size: 101735
  timestamp: 1750271478254
- conda: https://conda.anaconda.org/conda-forge/osx-arm64/xorg-libxau-1.0.12-h5505292_0.conda
  sha256: f33e6f013fc36ebc200f09ddead83468544cb5c353a3b50499b07b8c34e28a8d
  md5: 50901e0764b7701d8ed7343496f4f301
  depends:
  - __osx >=11.0
  license: MIT
  license_family: MIT
  size: 13593
  timestamp: 1734229104321
- conda: https://conda.anaconda.org/conda-forge/osx-arm64/xorg-libxdmcp-1.1.5-hd74edd7_0.conda
  sha256: 9939a166d780700d81023546759102b33fdc2c5f11ef09f5f66c77210fd334c8
  md5: 77c447f48cab5d3a15ac224edb86a968
  depends:
  - __osx >=11.0
  license: MIT
  license_family: MIT
  size: 18487
  timestamp: 1727795205022
- conda: https://conda.anaconda.org/conda-forge/noarch/zipp-3.23.0-pyhd8ed1ab_0.conda
  sha256: 7560d21e1b021fd40b65bfb72f67945a3fcb83d78ad7ccf37b8b3165ec3b68ad
  md5: df5e78d904988eb55042c0c97446079f
  depends:
  - python >=3.9
  license: MIT
  license_family: MIT
  size: 22963
  timestamp: 1749421737203
- conda: https://conda.anaconda.org/conda-forge/osx-arm64/zstandard-0.23.0-py310h078409c_2.conda
  sha256: 6fdb3e71c6af5fe9c2469befb724a80d8c874078df1fa9738d84cf857d84d4b1
  md5: a617ab3d9042eef702d8d163c50e9b5e
  depends:
  - __osx >=11.0
  - cffi >=1.11
  - python >=3.10,<3.11.0a0
  - python >=3.10,<3.11.0a0 *_cpython
  - python_abi 3.10.* *_cp310
  license: BSD-3-Clause
  license_family: BSD
  size: 522323
  timestamp: 1745870245475
- conda: https://conda.anaconda.org/conda-forge/osx-arm64/zstd-1.5.7-h6491c7d_2.conda
  sha256: 0d02046f57f7a1a3feae3e9d1aa2113788311f3cf37a3244c71e61a93177ba67
  md5: e6f69c7bcccdefa417f056fa593b40f0
  depends:
  - __osx >=11.0
  - libzlib >=1.3.1,<2.0a0
  license: BSD-3-Clause
  license_family: BSD
  size: 399979
  timestamp: 1742433432699
